{
  "name": "wanderlust-website",
  "version": "1.0.0",
  "lockfileVersion": 2,
  "requires": true,
  "packages": {
    "": {
      "name": "wanderlust-website",
      "version": "1.0.0",
      "license": "ISC",
      "devDependencies": {
        "cz-changelog": "^1.0.1"
      }
    },
    "node_modules/cz-changelog": {
      "version": "1.0.1",
      "resolved": "https://registry.npmjs.org/cz-changelog/-/cz-changelog-1.0.1.tgz",
      "integrity": "sha1-fU1Cadu0o73JMSJTJmZnuCs0oLM=",
      "dev": true,
      "dependencies": {
        "word-wrap": "^1.1.0"
      }
    },
    "node_modules/word-wrap": {
      "version": "1.2.3",
      "resolved": "https://registry.npmjs.org/word-wrap/-/word-wrap-1.2.3.tgz",
      "integrity": "sha512-Hz/mrNwitNRh/HUAtM/VT/5VH+ygD6DV7mYKZAtHOrbs8U7lvPS6xf7EJKMF0uW1KJCl0H701g3ZGus+muE5vQ==",
      "dev": true,
      "engines": {
        "node": ">=0.10.0"
      }
    }
  },
  "dependencies": {
    "cz-changelog": {
      "version": "1.0.1",
      "resolved": "https://registry.npmjs.org/cz-changelog/-/cz-changelog-1.0.1.tgz",
      "integrity": "sha1-fU1Cadu0o73JMSJTJmZnuCs0oLM=",
      "dev": true,
      "requires": {
        "word-wrap": "^1.1.0"
      }
    },
    "word-wrap": {
      "version": "1.2.3",
      "resolved": "https://registry.npmjs.org/word-wrap/-/word-wrap-1.2.3.tgz",
      "integrity": "sha512-Hz/mrNwitNRh/HUAtM/VT/5VH+ygD6DV7mYKZAtHOrbs8U7lvPS6xf7EJKMF0uW1KJCl0H701g3ZGus+muE5vQ==",
      "dev": true
    }
  }
}
